
Microsoft Visual Studio Solution File, Format Version 12.00
# Visual Studio Version 17
VisualStudioVersion = 17.3.32929.385
MinimumVisualStudioVersion = 10.0.40219.1
Project("{FAE04EC0-301F-11D3-BF4B-00C04F79EFBC}") = "WebApplication1", "WebApplication1\WebApplication1.csproj", "{7F5875C5-FDD9-44B4-8C33-BDE2EE353276}"
EndProject
Global
	GlobalSection(SolutionConfigurationPlatforms) = preSolution
		Debug|Any CPU = Debug|Any CPU
		Release|Any CPU = Release|Any CPU
	EndGlobalSection
	GlobalSection(ProjectConfigurationPlatforms) = postSolution
		{7F5875C5-FDD9-44B4-8C33-BDE2EE353276}.Debug|Any CPU.ActiveCfg = Debug|Any CPU
		{7F5875C5-FDD9-44B4-8C33-BDE2EE353276}.Debug|Any CPU.Build.0 = Debug|Any CPU
		{7F5875C5-FDD9-44B4-8C33-BDE2EE353276}.Release|Any CPU.ActiveCfg = Release|Any CPU
		{7F5875C5-FDD9-44B4-8C33-BDE2EE353276}.Release|Any CPU.Build.0 = Release|Any CPU
	EndGlobalSection
	GlobalSection(SolutionProperties) = preSolution
		HideSolutionNode = FALSE
	EndGlobalSection
	GlobalSection(ExtensibilityGlobals) = postSolution
		SolutionGuid = {4CB1D123-02D7-4983-81EA-51A50333E3AB}
	EndGlobalSection
EndGlobal
